
Microsoft Visual Studio Solution File, Format Version 12.00
# Visual Studio Version 16
VisualStudioVersion = 16.0.31205.134
MinimumVisualStudioVersion = 10.0.40219.1
Project("{FAE04EC0-301F-11D3-BF4B-00C04F79EFBC}") = "ZeroDepJsonFx", "ZeroDepJsonFx\ZeroDepJsonFx.csproj", "{9B4CD98C-F0AA-473C-A97B-2F8B0A8B4F7C}"
EndProject
Project("{9A19103F-16F7-4668-BE54-9A1E7A4F7556}") = "ZeroDepJsonCore", "ZeroDepJsonCore\ZeroDepJsonCore.csproj", "{715283F0-7FE9-4D35-8E46-09058F503AB1}"
EndProject
Project("{FAE04EC0-301F-11D3-BF4B-00C04F79EFBC}") = "ZeoDepJsonTests", "ZeoDepJsonTests\ZeoDepJsonTests.csproj", "{6D04442E-5501-4E29-99AA-8292E876355E}"
EndProject
Global
	GlobalSection(SolutionConfigurationPlatforms) = preSolution
		Debug|Any CPU = Debug|Any CPU
		Release|Any CPU = Release|Any CPU
	EndGlobalSection
	GlobalSection(ProjectConfigurationPlatforms) = postSolution
		{9B4CD98C-F0AA-473C-A97B-2F8B0A8B4F7C}.Debug|Any CPU.ActiveCfg = Debug|Any CPU
		{9B4CD98C-F0AA-473C-A97B-2F8B0A8B4F7C}.Debug|Any CPU.Build.0 = Debug|Any CPU
		{9B4CD98C-F0AA-473C-A97B-2F8B0A8B4F7C}.Release|Any CPU.ActiveCfg = Release|Any CPU
		{9B4CD98C-F0AA-473C-A97B-2F8B0A8B4F7C}.Release|Any CPU.Build.0 = Release|Any CPU
		{715283F0-7FE9-4D35-8E46-09058F503AB1}.Debug|Any CPU.ActiveCfg = Debug|Any CPU
		{715283F0-7FE9-4D35-8E46-09058F503AB1}.Debug|Any CPU.Build.0 = Debug|Any CPU
		{715283F0-7FE9-4D35-8E46-09058F503AB1}.Release|Any CPU.ActiveCfg = Release|Any CPU
		{715283F0-7FE9-4D35-8E46-09058F503AB1}.Release|Any CPU.Build.0 = Release|Any CPU
		{6D04442E-5501-4E29-99AA-8292E876355E}.Debug|Any CPU.ActiveCfg = Debug|Any CPU
		{6D04442E-5501-4E29-99AA-8292E876355E}.Debug|Any CPU.Build.0 = Debug|Any CPU
		{6D04442E-5501-4E29-99AA-8292E876355E}.Release|Any CPU.ActiveCfg = Release|Any CPU
		{6D04442E-5501-4E29-99AA-8292E876355E}.Release|Any CPU.Build.0 = Release|Any CPU
	EndGlobalSection
	GlobalSection(SolutionProperties) = preSolution
		HideSolutionNode = FALSE
	EndGlobalSection
	GlobalSection(ExtensibilityGlobals) = postSolution
		SolutionGuid = {CC4CE06E-0D38-44F0-A526-CC9DC79E4841}
	EndGlobalSection
EndGlobal
